{
  "name": "luatools-millennium-standalone",
  "lockfileVersion": 3,
  "requires": true,
  "packages": {
    "": {
      "name": "luatools-millennium-standalone",
      "devDependencies": {
        "@steambrew/starlight": "^1.1.4"
      }
    },
    "node_modules/@steambrew/starlight": {
      "version": "1.1.4",
      "resolved": "https://registry.npmjs.org/@steambrew/starlight/-/starlight-1.1.4.tgz",
      "integrity": "sha512-shd8fd/p53RJIwg/i/6y2aueEQVuPW1u5oGKlJIm+aco2B2g0wObIoZxdfdp1t3dBRfZ/4GwH3LcfoaHLla+5Q==",
      "dev": true,
      "bin": {
        "starlight": "bin/starlight.js"
      },
      "engines": {
        "node": ">=16"
      }
    }
  }
}
